
Microsoft Visual Studio Solution File, Format Version 12.00
# Visual Studio Version 16
VisualStudioVersion = 16.0.28803.352
MinimumVisualStudioVersion = 10.0.40219.1
Project("{FAE04EC0-301F-11D3-BF4B-00C04F79EFBC}") = "Stock", "Stock\Stock.csproj", "{79F9F8D2-0D37-437C-AF2A-39157C19E60E}"
EndProject
Global
	GlobalSection(SolutionConfigurationPlatforms) = preSolution
		Debug|Any CPU = Debug|Any CPU
		Release|Any CPU = Release|Any CPU
	EndGlobalSection
	GlobalSection(ProjectConfigurationPlatforms) = postSolution
		{79F9F8D2-0D37-437C-AF2A-39157C19E60E}.Debug|Any CPU.ActiveCfg = Debug|Any CPU
		{79F9F8D2-0D37-437C-AF2A-39157C19E60E}.Debug|Any CPU.Build.0 = Debug|Any CPU
		{79F9F8D2-0D37-437C-AF2A-39157C19E60E}.Release|Any CPU.ActiveCfg = Release|Any CPU
		{79F9F8D2-0D37-437C-AF2A-39157C19E60E}.Release|Any CPU.Build.0 = Release|Any CPU
	EndGlobalSection
	GlobalSection(SolutionProperties) = preSolution
		HideSolutionNode = FALSE
	EndGlobalSection
	GlobalSection(ExtensibilityGlobals) = postSolution
		SolutionGuid = {3D599B75-D59D-4B36-B218-07B5192176A6}
	EndGlobalSection
EndGlobal
